// !$*UTF8*$!
{
	archiveVersion = 1;
	classes = {
	};
	objectVersion = 46;
	objects = {

/* Begin PBXBuildFile section */
		D66BF31A1F55AEEC009275CF /* AppDelegate.swift in Sources */ = {isa = PBXBuildFile; fileRef = D66BF3191F55AEEC009275CF /* AppDelegate.swift */; };
		D66BF31C1F55AEEC009275CF /* ViewController.swift in Sources */ = {isa = PBXBuildFile; fileRef = D66BF31B1F55AEEC009275CF /* ViewController.swift */; };
		D66BF31F1F55AEEC009275CF /* Main.storyboard in Resources */ = {isa = PBXBuildFile; fileRef = D66BF31D1F55AEEC009275CF /* Main.storyboard */; };
		D66BF3211F55AEEC009275CF /* Assets.xcassets in Resources */ = {isa = PBXBuildFile; fileRef = D66BF3201F55AEEC009275CF /* Assets.xcassets */; };
		D66BF3241F55AEEC009275CF /* LaunchScreen.storyboard in Resources */ = {isa = PBXBuildFile; fileRef = D66BF3221F55AEEC009275CF /* LaunchScreen.storyboard */; };
/* End PBXBuildFile section */

/* Begin PBXFileReference section */
		D66BF3161F55AEEC009275CF /* You are awesome.app */ = {isa = PBXFileReference; explicitFileType = wrapper.application; includeInIndex = 0; path = "You are awesome.app"; sourceTree = BUILT_PRODUCTS_DIR; };
		D66BF3191F55AEEC009275CF /* AppDelegate.swift */ = {isa = PBXFileReference; lastKnownFileType = sourcecode.swift; path = AppDelegate.swift; sourceTree = "<group>"; };
		D66BF31B1F55AEEC009275CF /* ViewController.swift */ = {isa = PBXFileReference; lastKnownFileType = sourcecode.swift; path = ViewController.swift; sourceTree = "<group>"; };
		D66BF31E1F55AEEC009275CF /* Base */ = {isa = PBXFileReference; lastKnownFileType = file.storyboard; name = Base; path = Base.lproj/Main.storyboard; sourceTree = "<group>"; };
		D66BF3201F55AEEC009275CF /* Assets.xcassets */ = {isa = PBXFileReference; lastKnownFileType = folder.assetcatalog; path = Assets.xcassets; sourceTree = "<group>"; };
		D66BF3231F55AEEC009275CF /* Base */ = {isa = PBXFileReference; lastKnownFileType = file.storyboard; name = Base; path = Base.lproj/LaunchScreen.storyboard; sourceTree = "<group>"; };
		D66BF3251F55AEEC009275CF /* Info.plist */ = {isa = PBXFileReference; lastKnownFileType = text.plist.xml; path = Info.plist; sourceTree = "<group>"; };
/* End PBXFileReference section */

/* Begin PBXFrameworksBuildPhase section */
		D66BF3131F55AEEC009275CF /* Frameworks */ = {
			isa = PBXFrameworksBuildPhase;
			buildActionMask = 2147483647;
			files = (
			);
			runOnlyForDeploymentPostprocessing = 0;
		};
/* End PBXFrameworksBuildPhase section */

/* Begin PBXGroup section */
		D66BF30D1F55AEEC009275CF = {
			isa = PBXGroup;
			children = (
				D66BF3181F55AEEC009275CF /* You are awesome */,
				D66BF3171F55AEEC009275CF /* Products */,
			);
			sourceTree = "<group>";
		};
		D66BF3171F55AEEC009275CF /* Products */ = {
			isa = PBXGroup;
			children = (
				D66BF3161F55AEEC009275CF /* You are awesome.app */,
			);
			name = Products;
			sourceTree = "<group>";
		};
		D66BF3181F55AEEC009275CF /* You are awesome */ = {
			isa = PBXGroup;
			children = (
				D66BF3191F55AEEC009275CF /* AppDelegate.swift */,
				D66BF31B1F55AEEC009275CF /* ViewController.swift */,
				D66BF31D1F55AEEC009275CF /* Main.storyboard */,
				D66BF3201F55AEEC009275CF /* Assets.xcassets */,
				D66BF3221F55AEEC009275CF /* LaunchScreen.storyboard */,
				D66BF3251F55AEEC009275CF /* Info.plist */,
			);
			path = "You are awesome";
			sourceTree = "<group>";
		};
/* End PBXGroup section */

/* Begin PBXNativeTarget section */
		D66BF3151F55AEEC009275CF /* You are awesome */ = {
			isa = PBXNativeTarget;
			buildConfigurationList = D66BF3281F55AEEC009275CF /* Build configuration list for PBXNativeTarget "You are awesome" */;
			buildPhases = (
				D66BF3121F55AEEC009275CF /* Sources */,
				D66BF3131F55AEEC009275CF /* Frameworks */,
				D66BF3141F55AEEC009275CF /* Resources */,
			);
			buildRules = (
			);
			dependencies = (
			);
			name = "You are awesome";
			productName = "You are awesome";
			productReference = D66BF3161F55AEEC009275CF /* You are awesome.app */;
			productType = "com.apple.product-type.application";
		};
/* End PBXNativeTarget section */

/* Begin PBXProject section */
		D66BF30E1F55AEEC009275CF /* Project object */ = {
			isa = PBXProject;
			attributes = {
				LastSwiftUpdateCheck = 0830;
				LastUpgradeCheck = 0830;
				ORGANIZATIONNAME = "Katie Gold";
				TargetAttributes = {
					D66BF3151F55AEEC009275CF = {
						CreatedOnToolsVersion = 8.3.3;
						ProvisioningStyle = Automatic;
					};
				};
			};
			buildConfigurationList = D66BF3111F55AEEC009275CF /* Build configuration list for PBXProject "You are awesome" */;
			compatibilityVersion = "Xcode 3.2";
			developmentRegion = English;
			hasScannedForEncodings = 0;
			knownRegions = (
				en,
				Base,
			);
			mainGroup = D66BF30D1F55AEEC009275CF;
			productRefGroup = D66BF3171F55AEEC009275CF /* Products */;
			projectDirPath = "";
			projectRoot = "";
			targets = (
				D66BF3151F55AEEC009275CF /* You are awesome */,
			);
		};
/* End PBXProject section */

/* Begin PBXResourcesBuildPhase section */
		D66BF3141F55AEEC009275CF /* Resources */ = {
			isa = PBXResourcesBuildPhase;
			buildActionMask = 2147483647;
			files = (
				D66BF3241F55AEEC009275CF /* LaunchScreen.storyboard in Resources */,
				D66BF3211F55AEEC009275CF /* Assets.xcassets in Resources */,
				D66BF31F1F55AEEC009275CF /* Main.storyboard in Resources */,
			);
			runOnlyForDeploymentPostprocessing = 0;
		};
/* End PBXResourcesBuildPhase section */

/* Begin PBXSourcesBuildPhase section */
		D66BF3121F55AEEC009275CF /* Sources */ = {
			isa = PBXSourcesBuildPhase;
			buildActionMask = 2147483647;
			files = (
				D66BF31C1F55AEEC009275CF /* ViewController.swift in Sources */,
				D66BF31A1F55AEEC009275CF /* AppDelegate.swift in Sources */,
			);
			runOnlyForDeploymentPostprocessing = 0;
		};
/* End PBXSourcesBuildPhase section */

/* Begin PBXVariantGroup section */
		D66BF31D1F55AEEC009275CF /* Main.storyboard */ = {
			isa = PBXVariantGroup;
			children = (
				D66BF31E1F55AEEC009275CF /* Base */,
			);
			name = Main.storyboard;
			sourceTree = "<group>";
		};
		D66BF3221F55AEEC009275CF /* LaunchScreen.storyboard */ = {
			isa = PBXVariantGroup;
			children = (
				D66BF3231F55AEEC009275CF /* Base */,
			);
			name = LaunchScreen.storyboard;
			sourceTree = "<group>";
		};
/* End PBXVariantGroup section */

/* Begin XCBuildConfiguration section */
		D66BF3261F55AEEC009275CF /* Debug */ = {
			isa = XCBuildConfiguration;
			buildSettings = {
				ALWAYS_SEARCH_USER_PATHS = NO;
				CLANG_ANALYZER_NONNULL = YES;
				CLANG_ANALYZER_NUMBER_OBJECT_CONVERSION = YES_AGGRESSIVE;
				CLANG_CXX_LANGUAGE_STANDARD = "gnu++0x";
				CLANG_CXX_LIBRARY = "libc++";
				CLANG_ENABLE_MODULES = YES;
				CLANG_ENABLE_OBJC_ARC = YES;
				CLANG_WARN_BOOL_CONVERSION = YES;
				CLANG_WARN_CONSTANT_CONVERSION = YES;
				CLANG_WARN_DIRECT_OBJC_ISA_USAGE = YES_ERROR;
				CLANG_WARN_DOCUMENTATION_COMMENTS = YES;
				CLANG_WARN_EMPTY_BODY = YES;
				CLANG_WARN_ENUM_CONVERSION = YES;
				CLANG_WARN_INFINITE_RECURSION = YES;
				CLANG_WARN_INT_CONVERSION = YES;
				CLANG_WARN_OBJC_ROOT_CLASS = YES_ERROR;
				CLANG_WARN_SUSPICIOUS_MOVE = YES;
				CLANG_WARN_UNREACHABLE_CODE = YES;
				CLANG_WARN__DUPLICATE_METHOD_MATCH = YES;
				"CODE_SIGN_IDENTITY[sdk=iphoneos*]" = "iPhone Developer";
				COPY_PHASE_STRIP = NO;
				DEBUG_INFORMATION_FORMAT = dwarf;
				ENABLE_STRICT_OBJC_MSGSEND = YES;
				ENABLE_TESTABILITY = YES;
				GCC_C_LANGUAGE_STANDARD = gnu99;
				GCC_DYNAMIC_NO_PIC = NO;
				GCC_NO_COMMON_BLOCKS = YES;
				GCC_OPTIMIZATION_LEVEL = 0;
				GCC_PREPROCESSOR_DEFINITIONS = (
					"DEBUG=1",
					"$(inherited)",
				);
				GCC_WARN_64_TO_32_BIT_CONVERSION = YES;
				GCC_WARN_ABOUT_RETURN_TYPE = YES_ERROR;
				GCC_WARN_UNDECLARED_SELECTOR = YES;
				GCC_WARN_UNINITIALIZED_AUTOS = YES_AGGRESSIVE;
				GCC_WARN_UNUSED_FUNCTION = YES;
				GCC_WARN_UNUSED_VARIABLE = YES;
				IPHONEOS_DEPLOYMENT_TARGET = 10.3;
				MTL_ENABLE_DEBUG_INFO = YES;
				ONLY_ACTIVE_ARCH = YES;
				SDKROOT = iphoneos;
				SWIFT_ACTIVE_COMPILATION_CONDITIONS = DEBUG;
				SWIFT_OPTIMIZATION_LEVEL = "-Onone";
				TARGETED_DEVICE_FAMILY = "1,2";
			};
			name = Debug;
		};
		D66BF3271F55AEEC009275CF /* Release */ = {
			isa = XCBuildConfiguration;
			buildSettings = {
				ALWAYS_SEARCH_USER_PATHS = NO;
				CLANG_ANALYZER_NONNULL = YES;
				CLANG_ANALYZER_NUMBER_OBJECT_CONVERSION = YES_AGGRESSIVE;
				CLANG_CXX_LANGUAGE_STANDARD = "gnu++0x";
				CLANG_CXX_LIBRARY = "libc++";
				CLANG_ENABLE_MODULES = YES;
				CLANG_ENABLE_OBJC_ARC = YES;
				CLANG_WARN_BOOL_CONVERSION = YES;
				CLANG_WARN_CONSTANT_CONVERSION = YES;
				CLANG_WARN_DIRECT_OBJC_ISA_USAGE = YES_ERROR;
				CLANG_WARN_DOCUMENTATION_COMMENTS = YES;
				CLANG_WARN_EMPTY_BODY = YES;
				CLANG_WARN_ENUM_CONVERSION = YES;
				CLANG_WARN_INFINITE_RECURSION = YES;
				CLANG_WARN_INT_CONVERSION = YES;
				CLANG_WARN_OBJC_ROOT_CLASS = YES_ERROR;
				CLANG_WARN_SUSPICIOUS_MOVE = YES;
				CLANG_WARN_UNREACHABLE_CODE = YES;
				CLANG_WARN__DUPLICATE_METHOD_MATCH = YES;
				"CODE_SIGN_IDENTITY[sdk=iphoneos*]" = "iPhone Developer";
				COPY_PHASE_STRIP = NO;
				DEBUG_INFORMATION_FORMAT = "dwarf-with-dsym";
				ENABLE_NS_ASSERTIONS = NO;
				ENABLE_STRICT_OBJC_MSGSEND = YES;
				GCC_C_LANGUAGE_STANDARD = gnu99;
				GCC_NO_COMMON_BLOCKS = YES;
				GCC_WARN_64_TO_32_BIT_CONVERSION = YES;
				GCC_WARN_ABOUT_RETURN_TYPE = YES_ERROR;
				GCC_WARN_UNDECLARED_SELECTOR = YES;
				GCC_WARN_UNINITIALIZED_AUTOS = YES_AGGRESSIVE;
				GCC_WARN_UNUSED_FUNCTION = YES;
				GCC_WARN_UNUSED_VARIABLE = YES;
				IPHONEOS_DEPLOYMENT_TARGET = 10.3;
				MTL_ENABLE_DEBUG_INFO = NO;
				SDKROOT = iphoneos;
				SWIFT_OPTIMIZATION_LEVEL = "-Owholemodule";
				TARGETED_DEVICE_FAMILY = "1,2";
				VALIDATE_PRODUCT = YES;
			};
			name = Release;
		};
		D66BF3291F55AEEC009275CF /* Debug */ = {
			isa = XCBuildConfiguration;
			buildSettings = {
				ASSETCATALOG_COMPILER_APPICON_NAME = AppIcon;
				INFOPLIST_FILE = "You are awesome/Info.plist";
				LD_RUNPATH_SEARCH_PATHS = "$(inherited) @executable_path/Frameworks";
				PRODUCT_BUNDLE_IDENTIFIER = "Gold.You-are-awesome";
				PRODUCT_NAME = "$(TARGET_NAME)";
				SWIFT_VERSION = 3.0;
			};
			name = Debug;
		};
		D66BF32A1F55AEEC009275CF /* Release */ = {
			isa = XCBuildConfiguration;
			buildSettings = {
				ASSETCATALOG_COMPILER_APPICON_NAME = AppIcon;
				INFOPLIST_FILE = "You are awesome/Info.plist";
				LD_RUNPATH_SEARCH_PATHS = "$(inherited) @executable_path/Frameworks";
				PRODUCT_BUNDLE_IDENTIFIER = "Gold.You-are-awesome";
				PRODUCT_NAME = "$(TARGET_NAME)";
				SWIFT_VERSION = 3.0;
			};
			name = Release;
		};
/* End XCBuildConfiguration section */

/* Begin XCConfigurationList section */
		D66BF3111F55AEEC009275CF /* Build configuration list for PBXProject "You are awesome" */ = {
			isa = XCConfigurationList;
			buildConfigurations = (
				D66BF3261F55AEEC009275CF /* Debug */,
				D66BF3271F55AEEC009275CF /* Release */,
			);
			defaultConfigurationIsVisible = 0;
			defaultConfigurationName = Release;
		};
		D66BF3281F55AEEC009275CF /* Build configuration list for PBXNativeTarget "You are awesome" */ = {
			isa = XCConfigurationList;
			buildConfigurations = (
				D66BF3291F55AEEC009275CF /* Debug */,
				D66BF32A1F55AEEC009275CF /* Release */,
			);
			defaultConfigurationIsVisible = 0;
		};
/* End XCConfigurationList section */
	};
	rootObject = D66BF30E1F55AEEC009275CF /* Project object */;
}
